
Microsoft Visual Studio Solution File, Format Version 12.00
# Visual Studio Version 16
VisualStudioVersion = 16.0.30225.117
MinimumVisualStudioVersion = 10.0.40219.1
Project("{FAE04EC0-301F-11D3-BF4B-00C04F79EFBC}") = "BlockBlobConsole", "BlockBlobConsole\BlockBlobConsole.csproj", "{C5A75EB6-CF5A-4F28-AE65-3A8CE7E9F632}"
EndProject
Global
	GlobalSection(SolutionConfigurationPlatforms) = preSolution
		Debug|Any CPU = Debug|Any CPU
		Release|Any CPU = Release|Any CPU
	EndGlobalSection
	GlobalSection(ProjectConfigurationPlatforms) = postSolution
		{C5A75EB6-CF5A-4F28-AE65-3A8CE7E9F632}.Debug|Any CPU.ActiveCfg = Debug|Any CPU
		{C5A75EB6-CF5A-4F28-AE65-3A8CE7E9F632}.Debug|Any CPU.Build.0 = Debug|Any CPU
		{C5A75EB6-CF5A-4F28-AE65-3A8CE7E9F632}.Release|Any CPU.ActiveCfg = Release|Any CPU
		{C5A75EB6-CF5A-4F28-AE65-3A8CE7E9F632}.Release|Any CPU.Build.0 = Release|Any CPU
	EndGlobalSection
	GlobalSection(SolutionProperties) = preSolution
		HideSolutionNode = FALSE
	EndGlobalSection
	GlobalSection(ExtensibilityGlobals) = postSolution
		SolutionGuid = {10776B7B-A9FA-45D4-AF56-A24649A9EA7E}
	EndGlobalSection
EndGlobal
